// !$*UTF8*$!
{
	archiveVersion = 1;
	classes = {
	};
	objectVersion = 77;
	objects = {

/* Begin PBXBuildFile section */
		EB057DC3305DC102005DC6DD /* Noora in Frameworks */ = {isa = PBXBuildFile; productRef = EB057DC2305DC102005DC6DD /* Noora */; };
		EBB872683059A12000AE7794 /* ArgumentParser in Frameworks */ = {isa = PBXBuildFile; productRef = EBB872673059A12000AE7794 /* ArgumentParser */; };
		EBB872773059AD0900AE7794 /* MongoKitten in Frameworks */ = {isa = PBXBuildFile; productRef = EBB872763059AD0900AE7794 /* MongoKitten */; };
		EBC0000D30600000009EA2E5 /* ArgumentParser in Frameworks */ = {isa = PBXBuildFile; productRef = EBC0000A30600000009EA2E5 /* ArgumentParser */; };
		EBC0000E30600000009EA2E5 /* MongoKitten in Frameworks */ = {isa = PBXBuildFile; productRef = EBC0000B30600000009EA2E5 /* MongoKitten */; };
		EBC0000F30600000009EA2E5 /* Noora in Frameworks */ = {isa = PBXBuildFile; productRef = EBC0000C30600000009EA2E5 /* Noora */; };
/* End PBXBuildFile section */

/* Begin PBXCopyFilesBuildPhase section */
		EBB8725A3059A00300AE7794 /* CopyFiles */ = {
			isa = PBXCopyFilesBuildPhase;
			buildActionMask = 2147483647;
			dstPath = /usr/share/man/man1/;
			dstSubfolderSpec = 0;
			files = (
			);
			runOnlyForDeploymentPostprocessing = 1;
		};
/* End PBXCopyFilesBuildPhase section */

/* Begin PBXFileReference section */
		EBB8725C3059A00300AE7794 /* mport */ = {isa = PBXFileReference; explicitFileType = "compiled.mach-o.executable"; includeInIndex = 0; path = mport; sourceTree = BUILT_PRODUCTS_DIR; };
		EBC0000230600000009EA2E5 /* mportTests.xctest */ = {isa = PBXFileReference; explicitFileType = wrapper.cfbundle; includeInIndex = 0; path = mportTests.xctest; sourceTree = BUILT_PRODUCTS_DIR; };
/* End PBXFileReference section */

/* Begin PBXFileSystemSynchronizedRootGroup section */
		EBB8725E3059A00300AE7794 /* mport */ = {
			isa = PBXFileSystemSynchronizedRootGroup;
			path = mport;
			sourceTree = "<group>";
		};
		EBC0000330600000009EA2E5 /* mportTests */ = {
			isa = PBXFileSystemSynchronizedRootGroup;
			path = mportTests;
			sourceTree = "<group>";
		};
/* End PBXFileSystemSynchronizedRootGroup section */

/* Begin PBXFrameworksBuildPhase section */
		EBB872593059A00300AE7794 /* Frameworks */ = {
			isa = PBXFrameworksBuildPhase;
			buildActionMask = 2147483647;
			files = (
				EB057DC3305DC102005DC6DD /* Noora in Frameworks */,
				EBB872773059AD0900AE7794 /* MongoKitten in Frameworks */,
				EBB872683059A12000AE7794 /* ArgumentParser in Frameworks */,
			);
			runOnlyForDeploymentPostprocessing = 0;
		};
		EBC0000530600000009EA2E5 /* Frameworks */ = {
			isa = PBXFrameworksBuildPhase;
			buildActionMask = 2147483647;
			files = (
				EBC0000F30600000009EA2E5 /* Noora in Frameworks */,
				EBC0000E30600000009EA2E5 /* MongoKitten in Frameworks */,
				EBC0000D30600000009EA2E5 /* ArgumentParser in Frameworks */,
			);
			runOnlyForDeploymentPostprocessing = 0;
		};
/* End PBXFrameworksBuildPhase section */

/* Begin PBXGroup section */
		EBB872533059A00300AE7794 = {
			isa = PBXGroup;
			children = (
				EBB8725E3059A00300AE7794 /* mport */,
				EBC0000330600000009EA2E5 /* mportTests */,
				EBB8725D3059A00300AE7794 /* Products */,
			);
			sourceTree = "<group>";
		};
		EBB8725D3059A00300AE7794 /* Products */ = {
			isa = PBXGroup;
			children = (
				EBB8725C3059A00300AE7794 /* mport */,
				EBC0000230600000009EA2E5 /* mportTests.xctest */,
			);
			name = Products;
			sourceTree = "<group>";
		};
/* End PBXGroup section */

/* Begin PBXNativeTarget section */
		EBB8725B3059A00300AE7794 /* mport */ = {
			isa = PBXNativeTarget;
			buildConfigurationList = EBB872633059A00300AE7794 /* Build configuration list for PBXNativeTarget "mport" */;
			buildPhases = (
				EBB872583059A00300AE7794 /* Sources */,
				EBB872593059A00300AE7794 /* Frameworks */,
				EBB8725A3059A00300AE7794 /* CopyFiles */,
			);
			buildRules = (
			);
			dependencies = (
				EB1693B7305E3575009EA2E5 /* PBXTargetDependency */,
			);
			fileSystemSynchronizedGroups = (
				EBB8725E3059A00300AE7794 /* mport */,
			);
			name = mport;
			packageProductDependencies = (
				EBB872673059A12000AE7794 /* ArgumentParser */,
				EBB872763059AD0900AE7794 /* MongoKitten */,
				EB057DC2305DC102005DC6DD /* Noora */,
			);
			productName = mport;
			productReference = EBB8725C3059A00300AE7794 /* mport */;
			productType = "com.apple.product-type.tool";
		};
		EBC0000130600000009EA2E5 /* mportTests */ = {
			isa = PBXNativeTarget;
			buildConfigurationList = EBC0000730600000009EA2E5 /* Build configuration list for PBXNativeTarget "mportTests" */;
			buildPhases = (
				EBC0000430600000009EA2E5 /* Sources */,
				EBC0000530600000009EA2E5 /* Frameworks */,
				EBC0000630600000009EA2E5 /* Resources */,
			);
			buildRules = (
			);
			dependencies = (
			);
			fileSystemSynchronizedGroups = (
				EBB8725E3059A00300AE7794 /* mport */,
				EBC0000330600000009EA2E5 /* mportTests */,
			);
			name = mportTests;
			packageProductDependencies = (
				EBC0000A30600000009EA2E5 /* ArgumentParser */,
				EBC0000B30600000009EA2E5 /* MongoKitten */,
				EBC0000C30600000009EA2E5 /* Noora */,
			);
			productName = mportTests;
			productReference = EBC0000230600000009EA2E5 /* mportTests.xctest */;
			productType = "com.apple.product-type.bundle.unit-test";
		};
/* End PBXNativeTarget section */

/* Begin PBXProject section */
		EBB872543059A00300AE7794 /* Project object */ = {
			isa = PBXProject;
			attributes = {
				BuildIndependentTargetsInParallel = 1;
				LastSwiftUpdateCheck = 2660;
				LastUpgradeCheck = 2660;
				TargetAttributes = {
					EBB8725B3059A00300AE7794 = {
						CreatedOnToolsVersion = 26.6;
					};
					EBC0000130600000009EA2E5 = {
						CreatedOnToolsVersion = 26.6;
					};
				};
			};
			buildConfigurationList = EBB872573059A00300AE7794 /* Build configuration list for PBXProject "mport" */;
			developmentRegion = en;
			hasScannedForEncodings = 0;
			knownRegions = (
				en,
				Base,
			);
			mainGroup = EBB872533059A00300AE7794;
			minimizedProjectReferenceProxies = 1;
			packageReferences = (
				EBB872663059A12000AE7794 /* XCRemoteSwiftPackageReference "swift-argument-parser" */,
				EBB8726F3059AD0900AE7794 /* XCRemoteSwiftPackageReference "MongoKitten" */,
				EB057DC1305DC102005DC6DD /* XCRemoteSwiftPackageReference "Noora" */,
				EB1693B6305E3575009EA2E5 /* XCRemoteSwiftPackageReference "SwiftLintPlugins" */,
			);
			preferredProjectObjectVersion = 77;
			productRefGroup = EBB8725D3059A00300AE7794 /* Products */;
			projectDirPath = "";
			projectRoot = "";
			targets = (
				EBB8725B3059A00300AE7794 /* mport */,
				EBC0000130600000009EA2E5 /* mportTests */,
			);
		};
/* End PBXProject section */

/* Begin PBXResourcesBuildPhase section */
		EBC0000630600000009EA2E5 /* Resources */ = {
			isa = PBXResourcesBuildPhase;
			buildActionMask = 2147483647;
			files = (
			);
			runOnlyForDeploymentPostprocessing = 0;
		};
/* End PBXResourcesBuildPhase section */

/* Begin PBXSourcesBuildPhase section */
		EBB872583059A00300AE7794 /* Sources */ = {
			isa = PBXSourcesBuildPhase;
			buildActionMask = 2147483647;
			files = (
			);
			runOnlyForDeploymentPostprocessing = 0;
		};
		EBC0000430600000009EA2E5 /* Sources */ = {
			isa = PBXSourcesBuildPhase;
			buildActionMask = 2147483647;
			files = (
			);
			runOnlyForDeploymentPostprocessing = 0;
		};
/* End PBXSourcesBuildPhase section */

/* Begin PBXTargetDependency section */
		EB1693B7305E3575009EA2E5 /* PBXTargetDependency */ = {
			isa = PBXTargetDependency;
			productRef = EB1693B8305E3575009EA2E5 /* SwiftLintBuildToolPlugin */;
		};
/* End PBXTargetDependency section */

/* Begin XCBuildConfiguration section */
		EBB872613059A00300AE7794 /* Debug */ = {
			isa = XCBuildConfiguration;
			buildSettings = {
				ALWAYS_SEARCH_USER_PATHS = NO;
				ASSETCATALOG_COMPILER_GENERATE_SWIFT_ASSET_SYMBOL_EXTENSIONS = YES;
				CLANG_ANALYZER_NONNULL = YES;
				CLANG_ANALYZER_NUMBER_OBJECT_CONVERSION = YES_AGGRESSIVE;
				CLANG_CXX_LANGUAGE_STANDARD = "gnu++20";
				CLANG_ENABLE_MODULES = YES;
				CLANG_ENABLE_OBJC_ARC = YES;
				CLANG_ENABLE_OBJC_WEAK = YES;
				CLANG_WARN_BLOCK_CAPTURE_AUTORELEASING = YES;
				CLANG_WARN_BOOL_CONVERSION = YES;
				CLANG_WARN_COMMA = YES;
				CLANG_WARN_CONSTANT_CONVERSION = YES;
				CLANG_WARN_DEPRECATED_OBJC_IMPLEMENTATIONS = YES;
				CLANG_WARN_DIRECT_OBJC_ISA_USAGE = YES_ERROR;
				CLANG_WARN_DOCUMENTATION_COMMENTS = YES;
				CLANG_WARN_EMPTY_BODY = YES;
				CLANG_WARN_ENUM_CONVERSION = YES;
				CLANG_WARN_INFINITE_RECURSION = YES;
				CLANG_WARN_INT_CONVERSION = YES;
				CLANG_WARN_NON_LITERAL_NULL_CONVERSION = YES;
				CLANG_WARN_OBJC_IMPLICIT_RETAIN_SELF = YES;
				CLANG_WARN_OBJC_LITERAL_CONVERSION = YES;
				CLANG_WARN_OBJC_ROOT_CLASS = YES_ERROR;
				CLANG_WARN_QUOTED_INCLUDE_IN_FRAMEWORK_HEADER = YES;
				CLANG_WARN_RANGE_LOOP_ANALYSIS = YES;
				CLANG_WARN_STRICT_PROTOTYPES = YES;
				CLANG_WARN_SUSPICIOUS_MOVE = YES;
				CLANG_WARN_UNGUARDED_AVAILABILITY = YES_AGGRESSIVE;
				CLANG_WARN_UNREACHABLE_CODE = YES;
				CLANG_WARN__DUPLICATE_METHOD_MATCH = YES;
				COPY_PHASE_STRIP = NO;
				DEBUG_INFORMATION_FORMAT = dwarf;
				DEVELOPMENT_TEAM = 2LHX5A2982;
				ENABLE_STRICT_OBJC_MSGSEND = YES;
				ENABLE_TESTABILITY = YES;
				ENABLE_USER_SCRIPT_SANDBOXING = YES;
				GCC_C_LANGUAGE_STANDARD = gnu17;
				GCC_DYNAMIC_NO_PIC = NO;
				GCC_NO_COMMON_BLOCKS = YES;
				GCC_OPTIMIZATION_LEVEL = 0;
				GCC_PREPROCESSOR_DEFINITIONS = (
					"DEBUG=1",
					"$(inherited)",
				);
				GCC_WARN_64_TO_32_BIT_CONVERSION = YES;
				GCC_WARN_ABOUT_RETURN_TYPE = YES_ERROR;
				GCC_WARN_UNDECLARED_SELECTOR = YES;
				GCC_WARN_UNINITIALIZED_AUTOS = YES_AGGRESSIVE;
				GCC_WARN_UNUSED_FUNCTION = YES;
				GCC_WARN_UNUSED_VARIABLE = YES;
				LOCALIZATION_PREFERS_STRING_CATALOGS = YES;
				MACOSX_DEPLOYMENT_TARGET = 26.5;
				MTL_ENABLE_DEBUG_INFO = INCLUDE_SOURCE;
				MTL_FAST_MATH = YES;
				ONLY_ACTIVE_ARCH = YES;
				SDKROOT = macosx;
				SWIFT_ACTIVE_COMPILATION_CONDITIONS = "DEBUG $(inherited)";
				SWIFT_OPTIMIZATION_LEVEL = "-Onone";
			};
			name = Debug;
		};
		EBB872623059A00300AE7794 /* Release */ = {
			isa = XCBuildConfiguration;
			buildSettings = {
				ALWAYS_SEARCH_USER_PATHS = NO;
				ASSETCATALOG_COMPILER_GENERATE_SWIFT_ASSET_SYMBOL_EXTENSIONS = YES;
				CLANG_ANALYZER_NONNULL = YES;
				CLANG_ANALYZER_NUMBER_OBJECT_CONVERSION = YES_AGGRESSIVE;
				CLANG_CXX_LANGUAGE_STANDARD = "gnu++20";
				CLANG_ENABLE_MODULES = YES;
				CLANG_ENABLE_OBJC_ARC = YES;
				CLANG_ENABLE_OBJC_WEAK = YES;
				CLANG_WARN_BLOCK_CAPTURE_AUTORELEASING = YES;
				CLANG_WARN_BOOL_CONVERSION = YES;
				CLANG_WARN_COMMA = YES;
				CLANG_WARN_CONSTANT_CONVERSION = YES;
				CLANG_WARN_DEPRECATED_OBJC_IMPLEMENTATIONS = YES;
				CLANG_WARN_DIRECT_OBJC_ISA_USAGE = YES_ERROR;
				CLANG_WARN_DOCUMENTATION_COMMENTS = YES;
				CLANG_WARN_EMPTY_BODY = YES;
				CLANG_WARN_ENUM_CONVERSION = YES;
				CLANG_WARN_INFINITE_RECURSION = YES;
				CLANG_WARN_INT_CONVERSION = YES;
				CLANG_WARN_NON_LITERAL_NULL_CONVERSION = YES;
				CLANG_WARN_OBJC_IMPLICIT_RETAIN_SELF = YES;
				CLANG_WARN_OBJC_LITERAL_CONVERSION = YES;
				CLANG_WARN_OBJC_ROOT_CLASS = YES_ERROR;
				CLANG_WARN_QUOTED_INCLUDE_IN_FRAMEWORK_HEADER = YES;
				CLANG_WARN_RANGE_LOOP_ANALYSIS = YES;
				CLANG_WARN_STRICT_PROTOTYPES = YES;
				CLANG_WARN_SUSPICIOUS_MOVE = YES;
				CLANG_WARN_UNGUARDED_AVAILABILITY = YES_AGGRESSIVE;
				CLANG_WARN_UNREACHABLE_CODE = YES;
				CLANG_WARN__DUPLICATE_METHOD_MATCH = YES;
				COPY_PHASE_STRIP = NO;
				DEBUG_INFORMATION_FORMAT = "dwarf-with-dsym";
				DEVELOPMENT_TEAM = 2LHX5A2982;
				ENABLE_NS_ASSERTIONS = NO;
				ENABLE_STRICT_OBJC_MSGSEND = YES;
				ENABLE_USER_SCRIPT_SANDBOXING = YES;
				GCC_C_LANGUAGE_STANDARD = gnu17;
				GCC_NO_COMMON_BLOCKS = YES;
				GCC_WARN_64_TO_32_BIT_CONVERSION = YES;
				GCC_WARN_ABOUT_RETURN_TYPE = YES_ERROR;
				GCC_WARN_UNDECLARED_SELECTOR = YES;
				GCC_WARN_UNINITIALIZED_AUTOS = YES_AGGRESSIVE;
				GCC_WARN_UNUSED_FUNCTION = YES;
				GCC_WARN_UNUSED_VARIABLE = YES;
				LOCALIZATION_PREFERS_STRING_CATALOGS = YES;
				MACOSX_DEPLOYMENT_TARGET = 26.5;
				MTL_ENABLE_DEBUG_INFO = NO;
				MTL_FAST_MATH = YES;
				SDKROOT = macosx;
				SWIFT_COMPILATION_MODE = wholemodule;
			};
			name = Release;
		};
		EBB872643059A00300AE7794 /* Debug */ = {
			isa = XCBuildConfiguration;
			buildSettings = {
				CODE_SIGN_STYLE = Automatic;
				DEVELOPMENT_TEAM = 2LHX5A2982;
				ENABLE_HARDENED_RUNTIME = YES;
				PRODUCT_NAME = "$(TARGET_NAME)";
				SWIFT_APPROACHABLE_CONCURRENCY = YES;
				SWIFT_UPCOMING_FEATURE_MEMBER_IMPORT_VISIBILITY = YES;
				SWIFT_VERSION = 5.0;
			};
			name = Debug;
		};
		EBB872653059A00300AE7794 /* Release */ = {
			isa = XCBuildConfiguration;
			buildSettings = {
				CODE_SIGN_STYLE = Automatic;
				DEVELOPMENT_TEAM = 2LHX5A2982;
				ENABLE_HARDENED_RUNTIME = YES;
				PRODUCT_NAME = "$(TARGET_NAME)";
				SWIFT_APPROACHABLE_CONCURRENCY = YES;
				SWIFT_UPCOMING_FEATURE_MEMBER_IMPORT_VISIBILITY = YES;
				SWIFT_VERSION = 5.0;
			};
			name = Release;
		};
		EBC0000830600000009EA2E5 /* Debug */ = {
			isa = XCBuildConfiguration;
			buildSettings = {
				CODE_SIGN_STYLE = Automatic;
				CURRENT_PROJECT_VERSION = 1;
				DEVELOPMENT_TEAM = 2LHX5A2982;
				GENERATE_INFOPLIST_FILE = YES;
				MACOSX_DEPLOYMENT_TARGET = 26.5;
				MARKETING_VERSION = 1.0;
				PRODUCT_BUNDLE_IDENTIFIER = dev.mport.mportTests;
				PRODUCT_NAME = "$(TARGET_NAME)";
				SWIFT_APPROACHABLE_CONCURRENCY = YES;
				SWIFT_EMIT_LOC_STRINGS = NO;
				SWIFT_UPCOMING_FEATURE_MEMBER_IMPORT_VISIBILITY = YES;
				SWIFT_VERSION = 5.0;
			};
			name = Debug;
		};
		EBC0000930600000009EA2E5 /* Release */ = {
			isa = XCBuildConfiguration;
			buildSettings = {
				CODE_SIGN_STYLE = Automatic;
				CURRENT_PROJECT_VERSION = 1;
				DEVELOPMENT_TEAM = 2LHX5A2982;
				GENERATE_INFOPLIST_FILE = YES;
				MACOSX_DEPLOYMENT_TARGET = 26.5;
				MARKETING_VERSION = 1.0;
				PRODUCT_BUNDLE_IDENTIFIER = dev.mport.mportTests;
				PRODUCT_NAME = "$(TARGET_NAME)";
				SWIFT_APPROACHABLE_CONCURRENCY = YES;
				SWIFT_EMIT_LOC_STRINGS = NO;
				SWIFT_UPCOMING_FEATURE_MEMBER_IMPORT_VISIBILITY = YES;
				SWIFT_VERSION = 5.0;
			};
			name = Release;
		};
/* End XCBuildConfiguration section */

/* Begin XCConfigurationList section */
		EBB872573059A00300AE7794 /* Build configuration list for PBXProject "mport" */ = {
			isa = XCConfigurationList;
			buildConfigurations = (
				EBB872613059A00300AE7794 /* Debug */,
				EBB872623059A00300AE7794 /* Release */,
			);
			defaultConfigurationIsVisible = 0;
			defaultConfigurationName = Release;
		};
		EBB872633059A00300AE7794 /* Build configuration list for PBXNativeTarget "mport" */ = {
			isa = XCConfigurationList;
			buildConfigurations = (
				EBB872643059A00300AE7794 /* Debug */,
				EBB872653059A00300AE7794 /* Release */,
			);
			defaultConfigurationIsVisible = 0;
			defaultConfigurationName = Release;
		};
		EBC0000730600000009EA2E5 /* Build configuration list for PBXNativeTarget "mportTests" */ = {
			isa = XCConfigurationList;
			buildConfigurations = (
				EBC0000830600000009EA2E5 /* Debug */,
				EBC0000930600000009EA2E5 /* Release */,
			);
			defaultConfigurationIsVisible = 0;
			defaultConfigurationName = Release;
		};
/* End XCConfigurationList section */

/* Begin XCRemoteSwiftPackageReference section */
		EB057DC1305DC102005DC6DD /* XCRemoteSwiftPackageReference "Noora" */ = {
			isa = XCRemoteSwiftPackageReference;
			repositoryURL = "https://github.com/tuist/Noora";
			requirement = {
				kind = upToNextMajorVersion;
				minimumVersion = 0.57.2;
			};
		};
		EB1693B6305E3575009EA2E5 /* XCRemoteSwiftPackageReference "SwiftLintPlugins" */ = {
			isa = XCRemoteSwiftPackageReference;
			repositoryURL = "https://github.com/SimplyDanny/SwiftLintPlugins";
			requirement = {
				kind = upToNextMajorVersion;
				minimumVersion = 0.65.1;
			};
		};
		EBB872663059A12000AE7794 /* XCRemoteSwiftPackageReference "swift-argument-parser" */ = {
			isa = XCRemoteSwiftPackageReference;
			repositoryURL = "https://github.com/apple/swift-argument-parser.git";
			requirement = {
				kind = upToNextMajorVersion;
				minimumVersion = 1.8.2;
			};
		};
		EBB8726F3059AD0900AE7794 /* XCRemoteSwiftPackageReference "MongoKitten" */ = {
			isa = XCRemoteSwiftPackageReference;
			repositoryURL = "https://github.com/orlandos-nl/MongoKitten";
			requirement = {
				kind = upToNextMajorVersion;
				minimumVersion = 7.16.3;
			};
		};
/* End XCRemoteSwiftPackageReference section */

/* Begin XCSwiftPackageProductDependency section */
		EB057DC2305DC102005DC6DD /* Noora */ = {
			isa = XCSwiftPackageProductDependency;
			package = EB057DC1305DC102005DC6DD /* XCRemoteSwiftPackageReference "Noora" */;
			productName = Noora;
		};
		EB1693B8305E3575009EA2E5 /* SwiftLintBuildToolPlugin */ = {
			isa = XCSwiftPackageProductDependency;
			package = EB1693B6305E3575009EA2E5 /* XCRemoteSwiftPackageReference "SwiftLintPlugins" */;
			productName = "plugin:SwiftLintBuildToolPlugin";
		};
		EBB872673059A12000AE7794 /* ArgumentParser */ = {
			isa = XCSwiftPackageProductDependency;
			package = EBB872663059A12000AE7794 /* XCRemoteSwiftPackageReference "swift-argument-parser" */;
			productName = ArgumentParser;
		};
		EBB872763059AD0900AE7794 /* MongoKitten */ = {
			isa = XCSwiftPackageProductDependency;
			package = EBB8726F3059AD0900AE7794 /* XCRemoteSwiftPackageReference "MongoKitten" */;
			productName = MongoKitten;
		};
		EBC0000A30600000009EA2E5 /* ArgumentParser */ = {
			isa = XCSwiftPackageProductDependency;
			package = EBB872663059A12000AE7794 /* XCRemoteSwiftPackageReference "swift-argument-parser" */;
			productName = ArgumentParser;
		};
		EBC0000B30600000009EA2E5 /* MongoKitten */ = {
			isa = XCSwiftPackageProductDependency;
			package = EBB8726F3059AD0900AE7794 /* XCRemoteSwiftPackageReference "MongoKitten" */;
			productName = MongoKitten;
		};
		EBC0000C30600000009EA2E5 /* Noora */ = {
			isa = XCSwiftPackageProductDependency;
			package = EB057DC1305DC102005DC6DD /* XCRemoteSwiftPackageReference "Noora" */;
			productName = Noora;
		};
/* End XCSwiftPackageProductDependency section */
	};
	rootObject = EBB872543059A00300AE7794 /* Project object */;
}
